
Microsoft Visual Studio Solution File, Format Version 12.00
# Visual Studio Version 17
VisualStudioVersion = 17.2.32616.157
MinimumVisualStudioVersion = 10.0.40219.1
Project("{9A19103F-16F7-4668-BE54-9A1E7A4F7556}") = "UT_Modele", "UT_Modele\UT_Modele.csproj", "{BF60208B-9ADA-406F-9CF7-C2B4180238E9}"
	ProjectSection(ProjectDependencies) = postProject
		{CE4B4A43-6969-4CDF-BFEB-D6C4FDF5959E} = {CE4B4A43-6969-4CDF-BFEB-D6C4FDF5959E}
	EndProjectSection
EndProject
Project("{9A19103F-16F7-4668-BE54-9A1E7A4F7556}") = "Modele", "Modele\Modele.csproj", "{CE4B4A43-6969-4CDF-BFEB-D6C4FDF5959E}"
EndProject
Project("{9A19103F-16F7-4668-BE54-9A1E7A4F7556}") = "Persistance_EF", "Persistance_EF\Persistance_EF.csproj", "{E7AC1BB2-A818-46D9-94AE-EBD3592129B6}"
EndProject
Project("{9A19103F-16F7-4668-BE54-9A1E7A4F7556}") = "UT_Persistance_EF", "UT_Persistance_EF\UT_Persistance_EF.csproj", "{FFB41E8D-2403-4D91-BE9C-828C3A3F2F49}"
	ProjectSection(ProjectDependencies) = postProject
		{E7AC1BB2-A818-46D9-94AE-EBD3592129B6} = {E7AC1BB2-A818-46D9-94AE-EBD3592129B6}
	EndProjectSection
EndProject
Project("{9A19103F-16F7-4668-BE54-9A1E7A4F7556}") = "LoggingConfig", "LoggingConfig\LoggingConfig.csproj", "{0929B7BA-948D-474C-B6F3-42219BBBCE64}"
EndProject
Project("{9A19103F-16F7-4668-BE54-9A1E7A4F7556}") = "FunctionalTest", "FunctionalTest\FunctionalTest.csproj", "{93A20D6E-8177-4C32-BC6C-49BFB6796E2B}"
	ProjectSection(ProjectDependencies) = postProject
		{E7AC1BB2-A818-46D9-94AE-EBD3592129B6} = {E7AC1BB2-A818-46D9-94AE-EBD3592129B6}
	EndProjectSection
EndProject
Global
	GlobalSection(SolutionConfigurationPlatforms) = preSolution
		Debug|Any CPU = Debug|Any CPU
		Release|Any CPU = Release|Any CPU
	EndGlobalSection
	GlobalSection(ProjectConfigurationPlatforms) = postSolution
		{BF60208B-9ADA-406F-9CF7-C2B4180238E9}.Debug|Any CPU.ActiveCfg = Debug|Any CPU
		{BF60208B-9ADA-406F-9CF7-C2B4180238E9}.Debug|Any CPU.Build.0 = Debug|Any CPU
		{BF60208B-9ADA-406F-9CF7-C2B4180238E9}.Release|Any CPU.ActiveCfg = Release|Any CPU
		{BF60208B-9ADA-406F-9CF7-C2B4180238E9}.Release|Any CPU.Build.0 = Release|Any CPU
		{CE4B4A43-6969-4CDF-BFEB-D6C4FDF5959E}.Debug|Any CPU.ActiveCfg = Debug|Any CPU
		{CE4B4A43-6969-4CDF-BFEB-D6C4FDF5959E}.Debug|Any CPU.Build.0 = Debug|Any CPU
		{CE4B4A43-6969-4CDF-BFEB-D6C4FDF5959E}.Release|Any CPU.ActiveCfg = Release|Any CPU
		{CE4B4A43-6969-4CDF-BFEB-D6C4FDF5959E}.Release|Any CPU.Build.0 = Release|Any CPU
		{E7AC1BB2-A818-46D9-94AE-EBD3592129B6}.Debug|Any CPU.ActiveCfg = Debug|Any CPU
		{E7AC1BB2-A818-46D9-94AE-EBD3592129B6}.Debug|Any CPU.Build.0 = Debug|Any CPU
		{E7AC1BB2-A818-46D9-94AE-EBD3592129B6}.Release|Any CPU.ActiveCfg = Release|Any CPU
		{E7AC1BB2-A818-46D9-94AE-EBD3592129B6}.Release|Any CPU.Build.0 = Release|Any CPU
		{FFB41E8D-2403-4D91-BE9C-828C3A3F2F49}.Debug|Any CPU.ActiveCfg = Debug|Any CPU
		{FFB41E8D-2403-4D91-BE9C-828C3A3F2F49}.Debug|Any CPU.Build.0 = Debug|Any CPU
		{FFB41E8D-2403-4D91-BE9C-828C3A3F2F49}.Release|Any CPU.ActiveCfg = Release|Any CPU
		{FFB41E8D-2403-4D91-BE9C-828C3A3F2F49}.Release|Any CPU.Build.0 = Release|Any CPU
		{0929B7BA-948D-474C-B6F3-42219BBBCE64}.Debug|Any CPU.ActiveCfg = Debug|Any CPU
		{0929B7BA-948D-474C-B6F3-42219BBBCE64}.Debug|Any CPU.Build.0 = Debug|Any CPU
		{0929B7BA-948D-474C-B6F3-42219BBBCE64}.Release|Any CPU.ActiveCfg = Release|Any CPU
		{0929B7BA-948D-474C-B6F3-42219BBBCE64}.Release|Any CPU.Build.0 = Release|Any CPU
		{93A20D6E-8177-4C32-BC6C-49BFB6796E2B}.Debug|Any CPU.ActiveCfg = Debug|Any CPU
		{93A20D6E-8177-4C32-BC6C-49BFB6796E2B}.Debug|Any CPU.Build.0 = Debug|Any CPU
		{93A20D6E-8177-4C32-BC6C-49BFB6796E2B}.Release|Any CPU.ActiveCfg = Release|Any CPU
		{93A20D6E-8177-4C32-BC6C-49BFB6796E2B}.Release|Any CPU.Build.0 = Release|Any CPU
	EndGlobalSection
	GlobalSection(SolutionProperties) = preSolution
		HideSolutionNode = FALSE
	EndGlobalSection
	GlobalSection(ExtensibilityGlobals) = postSolution
		SolutionGuid = {44FFCA8D-291D-45E8-96BE-32158A4D87B7}
	EndGlobalSection
EndGlobal
