
Microsoft Visual Studio Solution File, Format Version 12.00
# Visual Studio Version 16
VisualStudioVersion = 16.0.31112.23
MinimumVisualStudioVersion = 10.0.40219.1
Project("{FAE04EC0-301F-11D3-BF4B-00C04F79EFBC}") = "Modele", "Modele\Modele.csproj", "{17D610EB-4E6D-45F9-A09B-9DABFB52760D}"
EndProject
Project("{FAE04EC0-301F-11D3-BF4B-00C04F79EFBC}") = "Tests", "Tests\Tests.csproj", "{BC51ED66-866F-4549-A30C-E13FB9DB9411}"
EndProject
Global
	GlobalSection(SolutionConfigurationPlatforms) = preSolution
		Debug|Any CPU = Debug|Any CPU
		Release|Any CPU = Release|Any CPU
	EndGlobalSection
	GlobalSection(ProjectConfigurationPlatforms) = postSolution
		{17D610EB-4E6D-45F9-A09B-9DABFB52760D}.Debug|Any CPU.ActiveCfg = Debug|Any CPU
		{17D610EB-4E6D-45F9-A09B-9DABFB52760D}.Debug|Any CPU.Build.0 = Debug|Any CPU
		{17D610EB-4E6D-45F9-A09B-9DABFB52760D}.Release|Any CPU.ActiveCfg = Release|Any CPU
		{17D610EB-4E6D-45F9-A09B-9DABFB52760D}.Release|Any CPU.Build.0 = Release|Any CPU
		{BC51ED66-866F-4549-A30C-E13FB9DB9411}.Debug|Any CPU.ActiveCfg = Debug|Any CPU
		{BC51ED66-866F-4549-A30C-E13FB9DB9411}.Debug|Any CPU.Build.0 = Debug|Any CPU
		{BC51ED66-866F-4549-A30C-E13FB9DB9411}.Release|Any CPU.ActiveCfg = Release|Any CPU
		{BC51ED66-866F-4549-A30C-E13FB9DB9411}.Release|Any CPU.Build.0 = Release|Any CPU
	EndGlobalSection
	GlobalSection(SolutionProperties) = preSolution
		HideSolutionNode = FALSE
	EndGlobalSection
	GlobalSection(ExtensibilityGlobals) = postSolution
		SolutionGuid = {44FFCA8D-291D-45E8-96BE-32158A4D87B7}
	EndGlobalSection
EndGlobal
